
Microsoft Visual Studio Solution File, Format Version 12.00
Project("{FAE04EC0-301F-11D3-BF4B-00C04F79EFBC}") = "SonarQubeProxy.WebApi", "SonarQubeProxy.WebApi\SonarQubeProxy.WebApi.csproj", "{EF933057-890E-4D2D-89CD-526A8558B579}"
EndProject
Project("{FAE04EC0-301F-11D3-BF4B-00C04F79EFBC}") = "SonarQubeProxy.UnitTests", "SonarQubeProxy.UnitTests\SonarQubeProxy.UnitTests.csproj", "{633A61B9-7936-4F1E-94A5-57AF64DC3B17}"
EndProject
Project("{2150E333-8FDC-42A3-9474-1A3956D46DE8}") = "1. Documentation", "1. Documentation", "{52CAA5AC-6094-4150-9E3E-B6C2B6D88E85}"
	ProjectSection(SolutionItems) = preProject
		General_README.md = README.md
		AzureAppService_README.md = SonarQubeAzureAppService\README.md
		AzureVM_README.md = SonarQubeAzureVM\README.md
	EndProjectSection
EndProject
Project("{2150E333-8FDC-42A3-9474-1A3956D46DE8}") = "General", "General", "{6797723F-3A72-4A12-AED4-0E956FDB2296}"
	ProjectSection(SolutionItems) = preProject
		LICENSE = LICENSE
		README.md = README.md
		CHANGELOG.md = CHANGELOG.md
	EndProjectSection
EndProject
Project("{2150E333-8FDC-42A3-9474-1A3956D46DE8}") = "AzureAppService", "AzureAppService", "{81899DF0-BBFD-47A9-B335-B24172A56930}"
	ProjectSection(SolutionItems) = preProject
		SonarQubeAzureAppService\README.md = SonarQubeAzureAppService\README.md
	EndProjectSection
EndProject
Project("{2150E333-8FDC-42A3-9474-1A3956D46DE8}") = "AzureVM", "AzureVM", "{AE3A934C-CDCA-4D65-AB5B-D6A0B85EF3E7}"
	ProjectSection(SolutionItems) = preProject
		SonarQubeAzureVM\README.md = SonarQubeAzureVM\README.md
	EndProjectSection
EndProject
Project("{2150E333-8FDC-42A3-9474-1A3956D46DE8}") = "6. Tests", "6. Tests", "{87254AEC-1875-4CFA-90F4-AB0821BA5022}"
EndProject
Project("{2150E333-8FDC-42A3-9474-1A3956D46DE8}") = "5. WebApi", "5. WebApi", "{D624D59E-1AA4-4731-A147-771E57D0FA1D}"
EndProject
Project("{2150E333-8FDC-42A3-9474-1A3956D46DE8}") = "3. Deployment", "3. Deployment", "{D095F1D1-C7AE-42A2-9E4F-2094DD233F9F}"
	ProjectSection(SolutionItems) = preProject
		dev_build_test.yml = .github\workflows\dev_build_test.yml
		master_build_test_publish.yml = .github\workflows\master_build_test_publish.yml
	EndProjectSection
EndProject
Project("{2150E333-8FDC-42A3-9474-1A3956D46DE8}") = "4. Docker", "4. Docker", "{73116133-7BA5-464A-AD19-5DC94648E03F}"
	ProjectSection(SolutionItems) = preProject
		webapi.dockerfile = webapi.dockerfile
		__testrun.sh = __testrun.sh
	EndProjectSection
EndProject
Project("{2150E333-8FDC-42A3-9474-1A3956D46DE8}") = "2. Configuration", "2. Configuration", "{A204AA34-6EFE-45C0-8623-54B4DA94EDA5}"
	ProjectSection(SolutionItems) = preProject
		SonarQubeProxy.Configuration\appsettings.Development.json = SonarQubeProxy.Configuration\appsettings.Development.json
		SonarQubeProxy.Configuration\appsettings.Production.json = SonarQubeProxy.Configuration\appsettings.Production.json
	EndProjectSection
EndProject
Global
	GlobalSection(SolutionConfigurationPlatforms) = preSolution
		Debug|Any CPU = Debug|Any CPU
		Release|Any CPU = Release|Any CPU
	EndGlobalSection
	GlobalSection(ProjectConfigurationPlatforms) = postSolution
		{EF933057-890E-4D2D-89CD-526A8558B579}.Debug|Any CPU.ActiveCfg = Debug|Any CPU
		{EF933057-890E-4D2D-89CD-526A8558B579}.Debug|Any CPU.Build.0 = Debug|Any CPU
		{EF933057-890E-4D2D-89CD-526A8558B579}.Release|Any CPU.ActiveCfg = Release|Any CPU
		{EF933057-890E-4D2D-89CD-526A8558B579}.Release|Any CPU.Build.0 = Release|Any CPU
		{633A61B9-7936-4F1E-94A5-57AF64DC3B17}.Debug|Any CPU.ActiveCfg = Debug|Any CPU
		{633A61B9-7936-4F1E-94A5-57AF64DC3B17}.Debug|Any CPU.Build.0 = Debug|Any CPU
		{633A61B9-7936-4F1E-94A5-57AF64DC3B17}.Release|Any CPU.ActiveCfg = Release|Any CPU
		{633A61B9-7936-4F1E-94A5-57AF64DC3B17}.Release|Any CPU.Build.0 = Release|Any CPU
	EndGlobalSection
	GlobalSection(NestedProjects) = preSolution
		{6797723F-3A72-4A12-AED4-0E956FDB2296} = {52CAA5AC-6094-4150-9E3E-B6C2B6D88E85}
		{81899DF0-BBFD-47A9-B335-B24172A56930} = {52CAA5AC-6094-4150-9E3E-B6C2B6D88E85}
		{AE3A934C-CDCA-4D65-AB5B-D6A0B85EF3E7} = {52CAA5AC-6094-4150-9E3E-B6C2B6D88E85}
		{633A61B9-7936-4F1E-94A5-57AF64DC3B17} = {87254AEC-1875-4CFA-90F4-AB0821BA5022}
		{EF933057-890E-4D2D-89CD-526A8558B579} = {D624D59E-1AA4-4731-A147-771E57D0FA1D}
	EndGlobalSection
EndGlobal
